# THIS IS AN AUTOGENERATED FILE. DO NOT EDIT THIS FILE DIRECTLY.
# yarn lockfile v1


tapable@^2.2.0:
  version "2.2.0"
  resolved "https://registry.npm.taobao.org/tapable/download/tapable-2.2.0.tgz?cache=0&sync_timestamp=1607088824436&other_urls=https%3A%2F%2Fregistry.npm.taobao.org%2Ftapable%2Fdownload%2Ftapable-2.2.0.tgz#5c373d281d9c672848213d0e037d1c4165ab426b"
  integrity sha1-XDc9KB2cZyhIIT0OA30cQWWrQms=
